
Microsoft Visual Studio Solution File, Format Version 12.00
# Visual Studio Version 16
VisualStudioVersion = 16.0.31911.196
MinimumVisualStudioVersion = 10.0.40219.1
Project("{FAE04EC0-301F-11D3-BF4B-00C04F79EFBC}") = "CalculatorLexicon2", "CalculatorLexicon2.csproj", "{A933EA61-9D2F-45AD-B490-30F94963F3AB}"
EndProject
Global
	GlobalSection(SolutionConfigurationPlatforms) = preSolution
		Debug|Any CPU = Debug|Any CPU
		Release|Any CPU = Release|Any CPU
	EndGlobalSection
	GlobalSection(ProjectConfigurationPlatforms) = postSolution
		{A933EA61-9D2F-45AD-B490-30F94963F3AB}.Debug|Any CPU.ActiveCfg = Debug|Any CPU
		{A933EA61-9D2F-45AD-B490-30F94963F3AB}.Debug|Any CPU.Build.0 = Debug|Any CPU
		{A933EA61-9D2F-45AD-B490-30F94963F3AB}.Release|Any CPU.ActiveCfg = Release|Any CPU
		{A933EA61-9D2F-45AD-B490-30F94963F3AB}.Release|Any CPU.Build.0 = Release|Any CPU
	EndGlobalSection
	GlobalSection(SolutionProperties) = preSolution
		HideSolutionNode = FALSE
	EndGlobalSection
	GlobalSection(ExtensibilityGlobals) = postSolution
		SolutionGuid = {2792536E-675F-413A-9EB5-E907C217A83D}
	EndGlobalSection
EndGlobal
